
Microsoft Visual Studio Solution File, Format Version 12.00
# Visual Studio 15
VisualStudioVersion = 15.0.28307.489
MinimumVisualStudioVersion = 10.0.40219.1
Project("{FAE04EC0-301F-11D3-BF4B-00C04F79EFBC}") = "TcpStandard_Server", "TcpStandard_Server.csproj", "{DD9F589F-3273-4BCE-8F34-F140AE641725}"
	ProjectSection(ProjectDependencies) = postProject
		{2A29E51A-569B-4A7B-B9A9-A185D18B8383} = {2A29E51A-569B-4A7B-B9A9-A185D18B8383}
		{E6CDC659-A548-4302-825E-571F7AADC2B7} = {E6CDC659-A548-4302-825E-571F7AADC2B7}
		{4B72826B-3AC6-4FC8-BB6C-6E2F81C4CCF4} = {4B72826B-3AC6-4FC8-BB6C-6E2F81C4CCF4}
		{AFF69571-D0E2-4433-8F24-CC417FC48A9E} = {AFF69571-D0E2-4433-8F24-CC417FC48A9E}
		{9CE62FDC-9A9E-494A-8F01-B47B5BD2311F} = {9CE62FDC-9A9E-494A-8F01-B47B5BD2311F}
	EndProjectSection
EndProject
Project("{2150E333-8FDC-42A3-9474-1A3956D46DE8}") = "Netty", "Netty", "{BA3793D4-C36E-469C-A5DE-81ADE545EF12}"
EndProject
Project("{9A19103F-16F7-4668-BE54-9A1E7A4F7556}") = "DotNetty.Common", "Netty\DotNetty.Common\DotNetty.Common.csproj", "{4B72826B-3AC6-4FC8-BB6C-6E2F81C4CCF4}"
EndProject
Project("{9A19103F-16F7-4668-BE54-9A1E7A4F7556}") = "DotNetty.Codecs", "Netty\DotNetty.Codecs\DotNetty.Codecs.csproj", "{9CE62FDC-9A9E-494A-8F01-B47B5BD2311F}"
EndProject
Project("{9A19103F-16F7-4668-BE54-9A1E7A4F7556}") = "DotNetty.Buffers", "Netty\DotNetty.Buffers\DotNetty.Buffers.csproj", "{E6CDC659-A548-4302-825E-571F7AADC2B7}"
EndProject
Project("{9A19103F-16F7-4668-BE54-9A1E7A4F7556}") = "DotNetty.Transport", "Netty\DotNetty.Transport\DotNetty.Transport.csproj", "{AFF69571-D0E2-4433-8F24-CC417FC48A9E}"
EndProject
Project("{9A19103F-16F7-4668-BE54-9A1E7A4F7556}") = "DotNetty.Handlers", "Netty\DotNetty.Handlers\DotNetty.Handlers.csproj", "{2A29E51A-569B-4A7B-B9A9-A185D18B8383}"
EndProject
Project("{9A19103F-16F7-4668-BE54-9A1E7A4F7556}") = "DotNetty.Codecs.Mqtt", "Netty\DotNetty.Codecs.Mqtt\DotNetty.Codecs.Mqtt.csproj", "{D2D8DB12-72FA-445D-AF69-CA09EABCDE10}"
EndProject
Global
	GlobalSection(SolutionConfigurationPlatforms) = preSolution
		Debug|Any CPU = Debug|Any CPU
		Release|Any CPU = Release|Any CPU
	EndGlobalSection
	GlobalSection(ProjectConfigurationPlatforms) = postSolution
		{DD9F589F-3273-4BCE-8F34-F140AE641725}.Debug|Any CPU.ActiveCfg = Debug|Any CPU
		{DD9F589F-3273-4BCE-8F34-F140AE641725}.Debug|Any CPU.Build.0 = Debug|Any CPU
		{DD9F589F-3273-4BCE-8F34-F140AE641725}.Release|Any CPU.ActiveCfg = Release|Any CPU
		{DD9F589F-3273-4BCE-8F34-F140AE641725}.Release|Any CPU.Build.0 = Release|Any CPU
		{4B72826B-3AC6-4FC8-BB6C-6E2F81C4CCF4}.Debug|Any CPU.ActiveCfg = Debug|Any CPU
		{4B72826B-3AC6-4FC8-BB6C-6E2F81C4CCF4}.Debug|Any CPU.Build.0 = Debug|Any CPU
		{4B72826B-3AC6-4FC8-BB6C-6E2F81C4CCF4}.Release|Any CPU.ActiveCfg = Release|Any CPU
		{4B72826B-3AC6-4FC8-BB6C-6E2F81C4CCF4}.Release|Any CPU.Build.0 = Release|Any CPU
		{9CE62FDC-9A9E-494A-8F01-B47B5BD2311F}.Debug|Any CPU.ActiveCfg = Debug|Any CPU
		{9CE62FDC-9A9E-494A-8F01-B47B5BD2311F}.Debug|Any CPU.Build.0 = Debug|Any CPU
		{9CE62FDC-9A9E-494A-8F01-B47B5BD2311F}.Release|Any CPU.ActiveCfg = Release|Any CPU
		{9CE62FDC-9A9E-494A-8F01-B47B5BD2311F}.Release|Any CPU.Build.0 = Release|Any CPU
		{E6CDC659-A548-4302-825E-571F7AADC2B7}.Debug|Any CPU.ActiveCfg = Debug|Any CPU
		{E6CDC659-A548-4302-825E-571F7AADC2B7}.Debug|Any CPU.Build.0 = Debug|Any CPU
		{E6CDC659-A548-4302-825E-571F7AADC2B7}.Release|Any CPU.ActiveCfg = Release|Any CPU
		{E6CDC659-A548-4302-825E-571F7AADC2B7}.Release|Any CPU.Build.0 = Release|Any CPU
		{AFF69571-D0E2-4433-8F24-CC417FC48A9E}.Debug|Any CPU.ActiveCfg = Debug|Any CPU
		{AFF69571-D0E2-4433-8F24-CC417FC48A9E}.Debug|Any CPU.Build.0 = Debug|Any CPU
		{AFF69571-D0E2-4433-8F24-CC417FC48A9E}.Release|Any CPU.ActiveCfg = Release|Any CPU
		{AFF69571-D0E2-4433-8F24-CC417FC48A9E}.Release|Any CPU.Build.0 = Release|Any CPU
		{2A29E51A-569B-4A7B-B9A9-A185D18B8383}.Debug|Any CPU.ActiveCfg = Debug|Any CPU
		{2A29E51A-569B-4A7B-B9A9-A185D18B8383}.Debug|Any CPU.Build.0 = Debug|Any CPU
		{2A29E51A-569B-4A7B-B9A9-A185D18B8383}.Release|Any CPU.ActiveCfg = Release|Any CPU
		{2A29E51A-569B-4A7B-B9A9-A185D18B8383}.Release|Any CPU.Build.0 = Release|Any CPU
		{D2D8DB12-72FA-445D-AF69-CA09EABCDE10}.Debug|Any CPU.ActiveCfg = Debug|Any CPU
		{D2D8DB12-72FA-445D-AF69-CA09EABCDE10}.Debug|Any CPU.Build.0 = Debug|Any CPU
		{D2D8DB12-72FA-445D-AF69-CA09EABCDE10}.Release|Any CPU.ActiveCfg = Release|Any CPU
		{D2D8DB12-72FA-445D-AF69-CA09EABCDE10}.Release|Any CPU.Build.0 = Release|Any CPU
	EndGlobalSection
	GlobalSection(SolutionProperties) = preSolution
		HideSolutionNode = FALSE
	EndGlobalSection
	GlobalSection(NestedProjects) = preSolution
		{4B72826B-3AC6-4FC8-BB6C-6E2F81C4CCF4} = {BA3793D4-C36E-469C-A5DE-81ADE545EF12}
		{9CE62FDC-9A9E-494A-8F01-B47B5BD2311F} = {BA3793D4-C36E-469C-A5DE-81ADE545EF12}
		{E6CDC659-A548-4302-825E-571F7AADC2B7} = {BA3793D4-C36E-469C-A5DE-81ADE545EF12}
		{AFF69571-D0E2-4433-8F24-CC417FC48A9E} = {BA3793D4-C36E-469C-A5DE-81ADE545EF12}
		{2A29E51A-569B-4A7B-B9A9-A185D18B8383} = {BA3793D4-C36E-469C-A5DE-81ADE545EF12}
		{D2D8DB12-72FA-445D-AF69-CA09EABCDE10} = {BA3793D4-C36E-469C-A5DE-81ADE545EF12}
	EndGlobalSection
	GlobalSection(ExtensibilityGlobals) = postSolution
		SolutionGuid = {E6089CDB-4598-48F2-9ACA-F8CDD0303CE8}
	EndGlobalSection
EndGlobal
